
Microsoft Visual Studio Solution File, Format Version 12.00
# Visual Studio 2013
VisualStudioVersion = 12.0.21005.1
MinimumVisualStudioVersion = 10.0.40219.1
Project("{FAE04EC0-301F-11D3-BF4B-00C04F79EFBC}") = "DuskOfTheUniverse", "DuskOfTheUniverse\DuskOfTheUniverse\DuskOfTheUniverse.csproj", "{5CE45561-E279-4C4C-92D5-54768BD97FC0}"
EndProject
Project("{FAE04EC0-301F-11D3-BF4B-00C04F79EFBC}") = "DuskOfTheUniverseContent", "DuskOfTheUniverse\DuskOfTheUniverseContent\DuskOfTheUniverseContent.contentproj", "{37497ACD-1B84-462F-B2D2-4955B0B36F9E}"
EndProject
Global
	GlobalSection(SolutionConfigurationPlatforms) = preSolution
		Debug|x86 = Debug|x86
		Release|x86 = Release|x86
	EndGlobalSection
	GlobalSection(ProjectConfigurationPlatforms) = postSolution
		{5CE45561-E279-4C4C-92D5-54768BD97FC0}.Debug|x86.ActiveCfg = Debug|x86
		{5CE45561-E279-4C4C-92D5-54768BD97FC0}.Debug|x86.Build.0 = Debug|x86
		{5CE45561-E279-4C4C-92D5-54768BD97FC0}.Release|x86.ActiveCfg = Release|x86
		{5CE45561-E279-4C4C-92D5-54768BD97FC0}.Release|x86.Build.0 = Release|x86
		{37497ACD-1B84-462F-B2D2-4955B0B36F9E}.Debug|x86.ActiveCfg = Debug|x86
		{37497ACD-1B84-462F-B2D2-4955B0B36F9E}.Release|x86.ActiveCfg = Release|x86
	EndGlobalSection
	GlobalSection(SolutionProperties) = preSolution
		HideSolutionNode = FALSE
	EndGlobalSection
EndGlobal
